
Microsoft Visual Studio Solution File, Format Version 12.00
# Visual Studio 15
VisualStudioVersion = 15.0.27130.2024
MinimumVisualStudioVersion = 10.0.40219.1
Project("{9A19103F-16F7-4668-BE54-9A1E7A4F7556}") = "P01_HospitalDatabase", "P01_HospitalDatabase\P01_HospitalDatabase.csproj", "{A029F6C2-9BF5-4243-B7CD-059B563A29C2}"
EndProject
Project("{9A19103F-16F7-4668-BE54-9A1E7A4F7556}") = "P01_HospitalDatabase.Data.Models", "P01_HospitalDatabase.Data.Models\P01_HospitalDatabase.Data.Models.csproj", "{DC2DD0B9-56D9-4116-824B-B642E5491E65}"
EndProject
Project("{9A19103F-16F7-4668-BE54-9A1E7A4F7556}") = "P01_HospitalDatabase.Data", "P01_HospitalDatabase.Data\P01_HospitalDatabase.Data.csproj", "{D787CECE-7E91-433E-8E51-C8E1799DE8BA}"
EndProject
Project("{9A19103F-16F7-4668-BE54-9A1E7A4F7556}") = "HospitalDatabaseInitializer", "..\..\..\..\Initializer\HospitalDatabaseInitializer.csproj", "{A3AB2A7E-3C72-484C-BF91-420D42B37A1A}"
EndProject
Global
	GlobalSection(SolutionConfigurationPlatforms) = preSolution
		Debug|Any CPU = Debug|Any CPU
		Release|Any CPU = Release|Any CPU
	EndGlobalSection
	GlobalSection(ProjectConfigurationPlatforms) = postSolution
		{A029F6C2-9BF5-4243-B7CD-059B563A29C2}.Debug|Any CPU.ActiveCfg = Debug|Any CPU
		{A029F6C2-9BF5-4243-B7CD-059B563A29C2}.Debug|Any CPU.Build.0 = Debug|Any CPU
		{A029F6C2-9BF5-4243-B7CD-059B563A29C2}.Release|Any CPU.ActiveCfg = Release|Any CPU
		{A029F6C2-9BF5-4243-B7CD-059B563A29C2}.Release|Any CPU.Build.0 = Release|Any CPU
		{DC2DD0B9-56D9-4116-824B-B642E5491E65}.Debug|Any CPU.ActiveCfg = Debug|Any CPU
		{DC2DD0B9-56D9-4116-824B-B642E5491E65}.Debug|Any CPU.Build.0 = Debug|Any CPU
		{DC2DD0B9-56D9-4116-824B-B642E5491E65}.Release|Any CPU.ActiveCfg = Release|Any CPU
		{DC2DD0B9-56D9-4116-824B-B642E5491E65}.Release|Any CPU.Build.0 = Release|Any CPU
		{D787CECE-7E91-433E-8E51-C8E1799DE8BA}.Debug|Any CPU.ActiveCfg = Debug|Any CPU
		{D787CECE-7E91-433E-8E51-C8E1799DE8BA}.Debug|Any CPU.Build.0 = Debug|Any CPU
		{D787CECE-7E91-433E-8E51-C8E1799DE8BA}.Release|Any CPU.ActiveCfg = Release|Any CPU
		{D787CECE-7E91-433E-8E51-C8E1799DE8BA}.Release|Any CPU.Build.0 = Release|Any CPU
		{A3AB2A7E-3C72-484C-BF91-420D42B37A1A}.Debug|Any CPU.ActiveCfg = Debug|Any CPU
		{A3AB2A7E-3C72-484C-BF91-420D42B37A1A}.Debug|Any CPU.Build.0 = Debug|Any CPU
		{A3AB2A7E-3C72-484C-BF91-420D42B37A1A}.Release|Any CPU.ActiveCfg = Release|Any CPU
		{A3AB2A7E-3C72-484C-BF91-420D42B37A1A}.Release|Any CPU.Build.0 = Release|Any CPU
	EndGlobalSection
	GlobalSection(SolutionProperties) = preSolution
		HideSolutionNode = FALSE
	EndGlobalSection
	GlobalSection(ExtensibilityGlobals) = postSolution
		SolutionGuid = {7001248D-1BF4-4253-9D8A-B692D6D26F7F}
	EndGlobalSection
EndGlobal
